PODS:
  - BlocksKit (1.8.1):
    - libffi
  - FrameAccessor (1.0.0)
  - GVUserDefaults (0.9.0)
  - libffi (3.0.13)
  - MTAnimation (HEAD based on 0.1.4)
  - MTDates (0.9.3)
  - MTQueue (0.0.2)
  - PSAlertView (1.1)
  - SVProgressHUD (HEAD based on 0.9)

DEPENDENCIES:
  - BlocksKit (~> 1.8.1)
  - FrameAccessor
  - GVUserDefaults
  - MTAnimation (HEAD)
  - MTDates (from `~/mt-opensource/pods/MTDates/`)
  - MTQueue
  - PSAlertView (~> 1.1)
  - SVProgressHUD (HEAD)

EXTERNAL SOURCES:
  MTDates:
    :path: ~/mt-opensource/pods/MTDates/

SPEC CHECKSUMS:
  BlocksKit: 18102744fd7c44b54f1e54ce6ffe9258bcb5df81
  FrameAccessor: 4017a9ec673f27d1b24e6da1d065676b49772086
  GVUserDefaults: 7cbb1b5c05d565160b366b2d0a6d6a9f9c3753ce
  libffi: 64ef39353e747bb2b25e1026afd96a157bf9231c
  MTAnimation: 2a6e443981b45b1342d9a3481da4ad9355757fce
  MTDates: 8b4331c8a573c255611c2afdc4a82c274783b646
  MTQueue: b2a881449f53a59f89ffe49df5731256e86cf4ef
  PSAlertView: bdccae3cbd14f6060772654ae641daec7415d9fa
  SVProgressHUD: 03d4845ec8e64591726428a08236c6a5489d45f8

COCOAPODS: 0.25.0
