PODS:
  - FrameAccessor (1.2.0)
  - GVUserDefaults (0.9.2)
  - MTAnimation (0.1.4)
  - MTColorDistance (0.0.2)
  - MTDates (0.10.1)
  - MTGeometry (0.0.4)
  - MTMigration (0.0.2)
  - MTPencil (0.1.0):
    - MTGeometry
  - MTQueue (0.0.3)
  - MYSCategoryProperties (0.0.1)
  - PSAlertView (HEAD based on 1.1)
  - SVProgressHUD (HEAD based on 0.9)
  - TestFlightSDK (2.1.1-beta)

DEPENDENCIES:
  - FrameAccessor
  - GVUserDefaults (from `https://github.com/atomkirk/GVUserDefaults.git`)
  - MTAnimation (from `libs/MTAnimation`)
  - MTColorDistance (from `libs/MTColorDistance`)
  - MTDates (from `libs/MTDates`)
  - MTGeometry (from `libs/MTPencil/libs/MTGeometry`)
  - MTMigration (from `libs/MTMigration`)
  - MTPencil (from `libs/MTPencil/`)
  - MTQueue
  - MYSCategoryProperties (from `libs/MYSCategoryProperties`)
  - PSAlertView (HEAD)
  - SVProgressHUD (HEAD)
  - TestFlightSDK (= 2.1.1-beta)

EXTERNAL SOURCES:
  GVUserDefaults:
    :git: https://github.com/atomkirk/GVUserDefaults.git
  MTAnimation:
    :path: libs/MTAnimation
  MTColorDistance:
    :path: libs/MTColorDistance
  MTDates:
    :path: libs/MTDates
  MTGeometry:
    :path: libs/MTPencil/libs/MTGeometry
  MTMigration:
    :path: libs/MTMigration
  MTPencil:
    :path: libs/MTPencil/
  MYSCategoryProperties:
    :path: libs/MYSCategoryProperties

SPEC CHECKSUMS:
  FrameAccessor: 9cab222a118092deba0ae186d07fa51d4830d3e4
  GVUserDefaults: 736b928d6281f506045f1109846841ea2f80b854
  MTAnimation: 2a6e443981b45b1342d9a3481da4ad9355757fce
  MTColorDistance: e250006b39ba275e4c926437855cda5e4ec9e2d8
  MTDates: 295741c2ea13cfb9572bf07bd1fae226112c2609
  MTGeometry: abe03e5490a44c95ecf7419b96b4b7cf8af4c7dc
  MTMigration: d4faacc6627bb538d99171d33307f875fa6e9a31
  MTPencil: 4577d2b30edf6c2f1889367c84e864fb575e5f64
  MTQueue: a345ceaab62f443bcacae30586537cbc9caf002b
  MYSCategoryProperties: 441ee0bd536b633c8f1ad94941e10296add2a589
  PSAlertView: bdccae3cbd14f6060772654ae641daec7415d9fa
  SVProgressHUD: 03d4845ec8e64591726428a08236c6a5489d45f8
  TestFlightSDK: dea28c16f0bf65c49c4ed8939b2ae0b0ed9bf8b0

COCOAPODS: 0.27.1
