PODS:
  - FrameAccessor (1.2.0)
  - MTAnimation (0.1.5)
  - MTColorDistance (0.0.3)
  - MTDates (0.10.1)
  - MTGeometry (0.0.4)
  - MTMigration (0.0.2)
  - MTPencil (0.1.1):
    - MTGeometry
  - MTQueue (0.0.3)
  - MYSCategoryProperties (0.0.2)
  - PSAlertView (HEAD based on 1.1)
  - SVProgressHUD (HEAD based on 0.9)
  - TestFlightSDK (2.1.1-beta)

DEPENDENCIES:
  - FrameAccessor
  - MTAnimation (from `libs/MTAnimation`)
  - MTColorDistance (from `libs/MTColorDistance`)
  - MTDates (from `libs/MTDates`)
  - MTGeometry (from `libs/MTPencil/libs/MTGeometry`)
  - MTMigration (from `libs/MTMigration`)
  - MTPencil (from `libs/MTPencil/`)
  - MTQueue
  - MYSCategoryProperties (from `libs/MYSCategoryProperties`)
  - PSAlertView (HEAD)
  - SVProgressHUD (HEAD)
  - TestFlightSDK (= 2.1.1-beta)

EXTERNAL SOURCES:
  MTAnimation:
    :path: libs/MTAnimation
  MTColorDistance:
    :path: libs/MTColorDistance
  MTDates:
    :path: libs/MTDates
  MTGeometry:
    :path: libs/MTPencil/libs/MTGeometry
  MTMigration:
    :path: libs/MTMigration
  MTPencil:
    :path: libs/MTPencil/
  MYSCategoryProperties:
    :path: libs/MYSCategoryProperties

SPEC CHECKSUMS:
  FrameAccessor: 9cab222a118092deba0ae186d07fa51d4830d3e4
  MTAnimation: 81b927c0539cf5073f4f4f27a54f4cb7cf54c8e4
  MTColorDistance: f5b9a04ac5314d11b51874096cc3ca3a2960c817
  MTDates: 295741c2ea13cfb9572bf07bd1fae226112c2609
  MTGeometry: abe03e5490a44c95ecf7419b96b4b7cf8af4c7dc
  MTMigration: d4faacc6627bb538d99171d33307f875fa6e9a31
  MTPencil: 92e4569901f737de0f30404f4da76c2df915d29b
  MTQueue: a345ceaab62f443bcacae30586537cbc9caf002b
  MYSCategoryProperties: e646786eeb01225393bf6d8e4301307ca4fcf369
  PSAlertView: bdccae3cbd14f6060772654ae641daec7415d9fa
  SVProgressHUD: 03d4845ec8e64591726428a08236c6a5489d45f8
  TestFlightSDK: dea28c16f0bf65c49c4ed8939b2ae0b0ed9bf8b0

COCOAPODS: 0.27.1
